
Microsoft Visual Studio Solution File, Format Version 12.00
# Visual Studio Version 17
VisualStudioVersion = 17.4.33205.214
MinimumVisualStudioVersion = 10.0.40219.1
Project("{9A19103F-16F7-4668-BE54-9A1E7A4F7556}") = "VentasAPI", "VentasAPI.csproj", "{FF17C46B-1AF3-49C8-B1C9-994F0B753632}"
EndProject
Project("{FAE04EC0-301F-11D3-BF4B-00C04F79EFBC}") = "NetCoreAPIMySQL.Data", "..\NetCoreAPIMySQL.Data\NetCoreAPIMySQL.Data.csproj", "{C31B29D1-8655-4C25-BA6F-0C4EC49EE2BC}"
EndProject
Project("{FAE04EC0-301F-11D3-BF4B-00C04F79EFBC}") = "NetCoreAPIMySQL.Model", "..\NetCoreAPIMySQL.Model\NetCoreAPIMySQL.Model.csproj", "{96D796DA-7495-454D-BC0A-27E1CC336E08}"
EndProject
Global
	GlobalSection(SolutionConfigurationPlatforms) = preSolution
		Debug|Any CPU = Debug|Any CPU
		Release|Any CPU = Release|Any CPU
	EndGlobalSection
	GlobalSection(ProjectConfigurationPlatforms) = postSolution
		{FF17C46B-1AF3-49C8-B1C9-994F0B753632}.Debug|Any CPU.ActiveCfg = Debug|Any CPU
		{FF17C46B-1AF3-49C8-B1C9-994F0B753632}.Debug|Any CPU.Build.0 = Debug|Any CPU
		{FF17C46B-1AF3-49C8-B1C9-994F0B753632}.Release|Any CPU.ActiveCfg = Release|Any CPU
		{FF17C46B-1AF3-49C8-B1C9-994F0B753632}.Release|Any CPU.Build.0 = Release|Any CPU
		{C31B29D1-8655-4C25-BA6F-0C4EC49EE2BC}.Debug|Any CPU.ActiveCfg = Debug|Any CPU
		{C31B29D1-8655-4C25-BA6F-0C4EC49EE2BC}.Debug|Any CPU.Build.0 = Debug|Any CPU
		{C31B29D1-8655-4C25-BA6F-0C4EC49EE2BC}.Release|Any CPU.ActiveCfg = Release|Any CPU
		{C31B29D1-8655-4C25-BA6F-0C4EC49EE2BC}.Release|Any CPU.Build.0 = Release|Any CPU
		{96D796DA-7495-454D-BC0A-27E1CC336E08}.Debug|Any CPU.ActiveCfg = Debug|Any CPU
		{96D796DA-7495-454D-BC0A-27E1CC336E08}.Debug|Any CPU.Build.0 = Debug|Any CPU
		{96D796DA-7495-454D-BC0A-27E1CC336E08}.Release|Any CPU.ActiveCfg = Release|Any CPU
		{96D796DA-7495-454D-BC0A-27E1CC336E08}.Release|Any CPU.Build.0 = Release|Any CPU
	EndGlobalSection
	GlobalSection(SolutionProperties) = preSolution
		HideSolutionNode = FALSE
	EndGlobalSection
	GlobalSection(ExtensibilityGlobals) = postSolution
		SolutionGuid = {A5D9FF5F-6E46-4D92-B167-E3D1710AA22C}
	EndGlobalSection
EndGlobal
